
Microsoft Visual Studio Solution File, Format Version 12.00
# Visual Studio Version 18
VisualStudioVersion = 18.6.11806.211 stable
MinimumVisualStudioVersion = 10.0.40219.1
Project("{2150E333-8FDC-42A3-9474-1A3956D46DE8}") = "src", "src", "{827E0CD3-B72D-47B6-A68D-7590B98EB39B}"
EndProject
Project("{FAE04EC0-301F-11D3-BF4B-00C04F79EFBC}") = "ScheduleManagement.Api", "src\ScheduleManagement.Api\ScheduleManagement.Api.csproj", "{D7E5439B-DD33-452F-AC45-F2D38FDDDE1F}"
EndProject
Project("{FAE04EC0-301F-11D3-BF4B-00C04F79EFBC}") = "ScheduleManagement.Ui.Browser", "src\ScheduleManagement.Ui\ScheduleManagement.Ui.Browser\ScheduleManagement.Ui.Browser.csproj", "{AC4E7609-FEF0-453B-A73E-9645CD1BA58F}"
EndProject
Project("{FAE04EC0-301F-11D3-BF4B-00C04F79EFBC}") = "ScheduleManagement.Ui", "src\ScheduleManagement.Ui\ScheduleManagement.Ui\ScheduleManagement.Ui.csproj", "{20EC4527-6FA4-472E-9A0C-D0F97E1B52D7}"
EndProject
Project("{FAE04EC0-301F-11D3-BF4B-00C04F79EFBC}") = "ScheduleManagement.Ui.Simulator", "src\ScheduleManagement.Ui\ScheduleManagement.Ui.Simulator\ScheduleManagement.Ui.Simulator.csproj", "{F009EB59-4F60-46E3-9F88-EBA3374BF2FA}"
EndProject
Project("{FAE04EC0-301F-11D3-BF4B-00C04F79EFBC}") = "ScheduleManagement.Ui.MauiHybrid", "src\ScheduleManagement.Ui\ScheduleManagement.Ui.MauiHybrid\ScheduleManagement.Ui.MauiHybrid.csproj", "{4936956C-74D1-4961-A750-1BB015AA9D91}"
EndProject
Global
	GlobalSection(SolutionConfigurationPlatforms) = preSolution
		Debug|Any CPU = Debug|Any CPU
		Debug|x64 = Debug|x64
		Debug|x86 = Debug|x86
		Release|Any CPU = Release|Any CPU
		Release|x64 = Release|x64
		Release|x86 = Release|x86
	EndGlobalSection
	GlobalSection(ProjectConfigurationPlatforms) = postSolution
		{D7E5439B-DD33-452F-AC45-F2D38FDDDE1F}.Debug|Any CPU.ActiveCfg = Debug|Any CPU
		{D7E5439B-DD33-452F-AC45-F2D38FDDDE1F}.Debug|Any CPU.Build.0 = Debug|Any CPU
		{D7E5439B-DD33-452F-AC45-F2D38FDDDE1F}.Debug|x64.ActiveCfg = Debug|Any CPU
		{D7E5439B-DD33-452F-AC45-F2D38FDDDE1F}.Debug|x64.Build.0 = Debug|Any CPU
		{D7E5439B-DD33-452F-AC45-F2D38FDDDE1F}.Debug|x86.ActiveCfg = Debug|Any CPU
		{D7E5439B-DD33-452F-AC45-F2D38FDDDE1F}.Debug|x86.Build.0 = Debug|Any CPU
		{D7E5439B-DD33-452F-AC45-F2D38FDDDE1F}.Release|Any CPU.ActiveCfg = Release|Any CPU
		{D7E5439B-DD33-452F-AC45-F2D38FDDDE1F}.Release|Any CPU.Build.0 = Release|Any CPU
		{D7E5439B-DD33-452F-AC45-F2D38FDDDE1F}.Release|x64.ActiveCfg = Release|Any CPU
		{D7E5439B-DD33-452F-AC45-F2D38FDDDE1F}.Release|x64.Build.0 = Release|Any CPU
		{D7E5439B-DD33-452F-AC45-F2D38FDDDE1F}.Release|x86.ActiveCfg = Release|Any CPU
		{D7E5439B-DD33-452F-AC45-F2D38FDDDE1F}.Release|x86.Build.0 = Release|Any CPU
		{AC4E7609-FEF0-453B-A73E-9645CD1BA58F}.Debug|Any CPU.ActiveCfg = Debug|Any CPU
		{AC4E7609-FEF0-453B-A73E-9645CD1BA58F}.Debug|Any CPU.Build.0 = Debug|Any CPU
		{AC4E7609-FEF0-453B-A73E-9645CD1BA58F}.Debug|x64.ActiveCfg = Debug|Any CPU
		{AC4E7609-FEF0-453B-A73E-9645CD1BA58F}.Debug|x64.Build.0 = Debug|Any CPU
		{AC4E7609-FEF0-453B-A73E-9645CD1BA58F}.Debug|x86.ActiveCfg = Debug|Any CPU
		{AC4E7609-FEF0-453B-A73E-9645CD1BA58F}.Debug|x86.Build.0 = Debug|Any CPU
		{AC4E7609-FEF0-453B-A73E-9645CD1BA58F}.Release|Any CPU.ActiveCfg = Release|Any CPU
		{AC4E7609-FEF0-453B-A73E-9645CD1BA58F}.Release|Any CPU.Build.0 = Release|Any CPU
		{AC4E7609-FEF0-453B-A73E-9645CD1BA58F}.Release|x64.ActiveCfg = Release|Any CPU
		{AC4E7609-FEF0-453B-A73E-9645CD1BA58F}.Release|x64.Build.0 = Release|Any CPU
		{AC4E7609-FEF0-453B-A73E-9645CD1BA58F}.Release|x86.ActiveCfg = Release|Any CPU
		{AC4E7609-FEF0-453B-A73E-9645CD1BA58F}.Release|x86.Build.0 = Release|Any CPU
		{20EC4527-6FA4-472E-9A0C-D0F97E1B52D7}.Debug|Any CPU.ActiveCfg = Debug|Any CPU
		{20EC4527-6FA4-472E-9A0C-D0F97E1B52D7}.Debug|Any CPU.Build.0 = Debug|Any CPU
		{20EC4527-6FA4-472E-9A0C-D0F97E1B52D7}.Debug|x64.ActiveCfg = Debug|Any CPU
		{20EC4527-6FA4-472E-9A0C-D0F97E1B52D7}.Debug|x64.Build.0 = Debug|Any CPU
		{20EC4527-6FA4-472E-9A0C-D0F97E1B52D7}.Debug|x86.ActiveCfg = Debug|Any CPU
		{20EC4527-6FA4-472E-9A0C-D0F97E1B52D7}.Debug|x86.Build.0 = Debug|Any CPU
		{20EC4527-6FA4-472E-9A0C-D0F97E1B52D7}.Release|Any CPU.ActiveCfg = Release|Any CPU
		{20EC4527-6FA4-472E-9A0C-D0F97E1B52D7}.Release|Any CPU.Build.0 = Release|Any CPU
		{20EC4527-6FA4-472E-9A0C-D0F97E1B52D7}.Release|x64.ActiveCfg = Release|Any CPU
		{20EC4527-6FA4-472E-9A0C-D0F97E1B52D7}.Release|x64.Build.0 = Release|Any CPU
		{20EC4527-6FA4-472E-9A0C-D0F97E1B52D7}.Release|x86.ActiveCfg = Release|Any CPU
		{20EC4527-6FA4-472E-9A0C-D0F97E1B52D7}.Release|x86.Build.0 = Release|Any CPU
		{F009EB59-4F60-46E3-9F88-EBA3374BF2FA}.Debug|Any CPU.ActiveCfg = Debug|Any CPU
		{F009EB59-4F60-46E3-9F88-EBA3374BF2FA}.Debug|Any CPU.Build.0 = Debug|Any CPU
		{F009EB59-4F60-46E3-9F88-EBA3374BF2FA}.Debug|x64.ActiveCfg = Debug|Any CPU
		{F009EB59-4F60-46E3-9F88-EBA3374BF2FA}.Debug|x64.Build.0 = Debug|Any CPU
		{F009EB59-4F60-46E3-9F88-EBA3374BF2FA}.Debug|x86.ActiveCfg = Debug|Any CPU
		{F009EB59-4F60-46E3-9F88-EBA3374BF2FA}.Debug|x86.Build.0 = Debug|Any CPU
		{F009EB59-4F60-46E3-9F88-EBA3374BF2FA}.Release|Any CPU.ActiveCfg = Release|Any CPU
		{F009EB59-4F60-46E3-9F88-EBA3374BF2FA}.Release|Any CPU.Build.0 = Release|Any CPU
		{F009EB59-4F60-46E3-9F88-EBA3374BF2FA}.Release|x64.ActiveCfg = Release|Any CPU
		{F009EB59-4F60-46E3-9F88-EBA3374BF2FA}.Release|x64.Build.0 = Release|Any CPU
		{F009EB59-4F60-46E3-9F88-EBA3374BF2FA}.Release|x86.ActiveCfg = Release|Any CPU
		{F009EB59-4F60-46E3-9F88-EBA3374BF2FA}.Release|x86.Build.0 = Release|Any CPU
		{4936956C-74D1-4961-A750-1BB015AA9D91}.Debug|Any CPU.ActiveCfg = Debug|Any CPU
		{4936956C-74D1-4961-A750-1BB015AA9D91}.Debug|Any CPU.Build.0 = Debug|Any CPU
		{4936956C-74D1-4961-A750-1BB015AA9D91}.Debug|x64.ActiveCfg = Debug|Any CPU
		{4936956C-74D1-4961-A750-1BB015AA9D91}.Debug|x64.Build.0 = Debug|Any CPU
		{4936956C-74D1-4961-A750-1BB015AA9D91}.Debug|x86.ActiveCfg = Debug|Any CPU
		{4936956C-74D1-4961-A750-1BB015AA9D91}.Debug|x86.Build.0 = Debug|Any CPU
		{4936956C-74D1-4961-A750-1BB015AA9D91}.Release|Any CPU.ActiveCfg = Release|Any CPU
		{4936956C-74D1-4961-A750-1BB015AA9D91}.Release|Any CPU.Build.0 = Release|Any CPU
		{4936956C-74D1-4961-A750-1BB015AA9D91}.Release|x64.ActiveCfg = Release|Any CPU
		{4936956C-74D1-4961-A750-1BB015AA9D91}.Release|x64.Build.0 = Release|Any CPU
		{4936956C-74D1-4961-A750-1BB015AA9D91}.Release|x86.ActiveCfg = Release|Any CPU
		{4936956C-74D1-4961-A750-1BB015AA9D91}.Release|x86.Build.0 = Release|Any CPU
	EndGlobalSection
	GlobalSection(SolutionProperties) = preSolution
		HideSolutionNode = FALSE
	EndGlobalSection
	GlobalSection(NestedProjects) = preSolution
		{D7E5439B-DD33-452F-AC45-F2D38FDDDE1F} = {827E0CD3-B72D-47B6-A68D-7590B98EB39B}
		{AC4E7609-FEF0-453B-A73E-9645CD1BA58F} = {827E0CD3-B72D-47B6-A68D-7590B98EB39B}
		{20EC4527-6FA4-472E-9A0C-D0F97E1B52D7} = {827E0CD3-B72D-47B6-A68D-7590B98EB39B}
		{F009EB59-4F60-46E3-9F88-EBA3374BF2FA} = {827E0CD3-B72D-47B6-A68D-7590B98EB39B}
	EndGlobalSection
	GlobalSection(ExtensibilityGlobals) = postSolution
		SolutionGuid = {91FAFD19-33F7-49A2-86CE-D3A0EE08CD95}
	EndGlobalSection
EndGlobal
